# THIS IS AN AUTOGENERATED FILE. DO NOT EDIT THIS FILE DIRECTLY.
# yarn lockfile v1


mini-poster@^1.0.1:
  version "1.0.1"
  resolved "https://registry.yarnpkg.com/mini-poster/-/mini-poster-1.0.1.tgz#e53c1ebd324ea0dd121e490d9796c741bd47ee54"
  integrity sha512-z6Uu7oKoGp+l/d+tTtG7VgoJXwaRIH8mFSRenuOtM/i70KimvQCPp77xcX8fSaOoH3ATKcXx6bhTRlOnFFTNrA==
